{
  "name": "cong-vue-cli",
  "version": "1.0.0",
  "lockfileVersion": 1,
  "requires": true,
  "dependencies": {
    "chalk": {
      "version": "4.1.0",
      "resolved": "https://registry.npm.taobao.org/chalk/download/chalk-4.1.0.tgz",
      "dependencies": {
        "ansi-styles": {
          "version": "https://registry.npm.taobao.org/ansi-styles/download/ansi-styles-4.2.1.tgz"
        },
        "supports-color": {
          "version": "https://registry.npm.taobao.org/supports-color/download/supports-color-7.1.0.tgz",
          "dependencies": {
            "has-flag": {
              "version": "https://registry.npm.taobao.org/has-flag/download/has-flag-4.0.0.tgz",
              "bundled": true
            }
          }
        }
      }
    },
    "commander": {
      "version": "3.0.2",
      "resolved": "https://registry.npm.taobao.org/commander/download/commander-3.0.2.tgz"
    },
    "download-git-repo": {
      "version": "2.0.0",
      "resolved": "https://registry.npm.taobao.org/download-git-repo/download/download-git-repo-2.0.0.tgz",
      "dependencies": {
        "download": {
          "version": "https://registry.npm.taobao.org/download/download/download-7.1.0.tgz?cache=0&sync_timestamp=1589684716947&other_urls=https%3A%2F%2Fregistry.npm.taobao.org%2Fdownload%2Fdownload%2Fdownload-7.1.0.tgz"
        },
        "git-clone": {
          "version": "https://registry.npm.taobao.org/git-clone/download/git-clone-0.1.0.tgz"
        },
        "rimraf": {
          "version": "https://registry.npm.taobao.org/rimraf/download/rimraf-2.7.1.tgz?cache=0&sync_timestamp=1589682814592&other_urls=https%3A%2F%2Fregistry.npm.taobao.org%2Frimraf%2Fdownload%2Frimraf-2.7.1.tgz",
          "dependencies": {
            "glob": {
              "version": "https://registry.npm.taobao.org/glob/download/glob-7.1.6.tgz?cache=0&sync_timestamp=1589682812051&other_urls=https%3A%2F%2Fregistry.npm.taobao.org%2Fglob%2Fdownload%2Fglob-7.1.6.tgz",
              "bundled": true
            }
          }
        }
      }
    },
    "inquirer": {
      "version": "7.3.3",
      "resolved": "https://registry.npm.taobao.org/inquirer/download/inquirer-7.3.3.tgz",
      "requires": {
        "chalk": "^4.1.0"
      },
      "dependencies": {
        "ansi-escapes": {
          "version": "https://registry.npm.taobao.org/ansi-escapes/download/ansi-escapes-4.3.1.tgz",
          "dependencies": {
            "type-fest": {
              "version": "https://registry.npm.taobao.org/type-fest/download/type-fest-0.11.0.tgz"
            }
          }
        },
        "chalk": {
          "version": "https://registry.npm.taobao.org/chalk/download/chalk-4.1.0.tgz"
        },
        "cli-cursor": {
          "version": "https://registry.npm.taobao.org/cli-cursor/download/cli-cursor-3.1.0.tgz",
          "dependencies": {
            "restore-cursor": {
              "version": "https://registry.npm.taobao.org/restore-cursor/download/restore-cursor-3.1.0.tgz",
              "bundled": true
            }
          }
        },
        "cli-width": {
          "version": "https://registry.npm.taobao.org/cli-width/download/cli-width-3.0.0.tgz"
        },
        "external-editor": {
          "version": "https://registry.npm.taobao.org/external-editor/download/external-editor-3.1.0.tgz"
        },
        "figures": {
          "version": "https://registry.npm.taobao.org/figures/download/figures-3.2.0.tgz"
        },
        "lodash": {
          "version": "https://registry.npm.taobao.org/lodash/download/lodash-4.17.20.tgz?cache=0&sync_timestamp=1597335994883&other_urls=https%3A%2F%2Fregistry.npm.taobao.org%2Flodash%2Fdownload%2Flodash-4.17.20.tgz"
        },
        "mute-stream": {
          "version": "https://registry.npm.taobao.org/mute-stream/download/mute-stream-0.0.8.tgz"
        },
        "run-async": {
          "version": "https://registry.npm.taobao.org/run-async/download/run-async-2.4.1.tgz"
        },
        "rxjs": {
          "version": "https://registry.npm.taobao.org/rxjs/download/rxjs-6.6.2.tgz"
        },
        "string-width": {
          "version": "https://registry.npm.taobao.org/string-width/download/string-width-4.2.0.tgz"
        },
        "strip-ansi": {
          "version": "https://registry.npm.taobao.org/strip-ansi/download/strip-ansi-6.0.0.tgz?cache=0&sync_timestamp=1589682795383&other_urls=https%3A%2F%2Fregistry.npm.taobao.org%2Fstrip-ansi%2Fdownload%2Fstrip-ansi-6.0.0.tgz",
          "dependencies": {
            "ansi-regex": {
              "version": "https://registry.npm.taobao.org/ansi-regex/download/ansi-regex-5.0.0.tgz",
              "bundled": true
            }
          }
        },
        "through": {
          "version": "https://registry.npm.taobao.org/through/download/through-2.3.8.tgz"
        }
      }
    },
    "node-cmd": {
      "version": "3.0.0",
      "resolved": "http://verdaccio.61info.com/node-cmd/-/node-cmd-3.0.0.tgz",
      "integrity": "sha1-OP/3CkqqT2WdID61eGJzcBjiT28="
    },
    "ora": {
      "version": "4.1.1",
      "resolved": "https://registry.npm.taobao.org/ora/download/ora-4.1.1.tgz?cache=0&sync_timestamp=1596812605371&other_urls=https%3A%2F%2Fregistry.npm.taobao.org%2Fora%2Fdownload%2Fora-4.1.1.tgz",
      "dependencies": {
        "chalk": {
          "version": "https://registry.npm.taobao.org/chalk/download/chalk-3.0.0.tgz",
          "dependencies": {
            "ansi-styles": {
              "version": "https://registry.npm.taobao.org/ansi-styles/download/ansi-styles-4.2.1.tgz",
              "dependencies": {
                "@types/color-name": {
                  "version": "https://registry.npm.taobao.org/@types/color-name/download/@types/color-name-1.1.1.tgz"
                },
                "color-convert": {
                  "version": "https://registry.npm.taobao.org/color-convert/download/color-convert-2.0.1.tgz"
                }
              }
            },
            "supports-color": {
              "version": "https://registry.npm.taobao.org/supports-color/download/supports-color-7.1.0.tgz"
            }
          }
        },
        "cli-cursor": {
          "version": "https://registry.npm.taobao.org/cli-cursor/download/cli-cursor-3.1.0.tgz"
        },
        "cli-spinners": {
          "version": "https://registry.npm.taobao.org/cli-spinners/download/cli-spinners-2.4.0.tgz?cache=0&sync_timestamp=1595080377121&other_urls=https%3A%2F%2Fregistry.npm.taobao.org%2Fcli-spinners%2Fdownload%2Fcli-spinners-2.4.0.tgz"
        },
        "is-interactive": {
          "version": "https://registry.npm.taobao.org/is-interactive/download/is-interactive-1.0.0.tgz"
        },
        "log-symbols": {
          "version": "https://registry.npm.taobao.org/log-symbols/download/log-symbols-3.0.0.tgz"
        },
        "mute-stream": {
          "version": "https://registry.npm.taobao.org/mute-stream/download/mute-stream-0.0.8.tgz"
        },
        "strip-ansi": {
          "version": "https://registry.npm.taobao.org/strip-ansi/download/strip-ansi-6.0.0.tgz?cache=0&sync_timestamp=1589682795383&other_urls=https%3A%2F%2Fregistry.npm.taobao.org%2Fstrip-ansi%2Fdownload%2Fstrip-ansi-6.0.0.tgz",
          "dependencies": {
            "ansi-regex": {
              "version": "https://registry.npm.taobao.org/ansi-regex/download/ansi-regex-5.0.0.tgz",
              "bundled": true
            }
          }
        },
        "wcwidth": {
          "version": "https://registry.npm.taobao.org/wcwidth/download/wcwidth-1.0.1.tgz"
        }
      }
    },
    "request": {
      "version": "2.88.2",
      "resolved": "https://registry.npm.taobao.org/request/download/request-2.88.2.tgz?cache=0&sync_timestamp=1589682741998&other_urls=https%3A%2F%2Fregistry.npm.taobao.org%2Frequest%2Fdownload%2Frequest-2.88.2.tgz",
      "dependencies": {
        "aws-sign2": {
          "version": "https://registry.npm.taobao.org/aws-sign2/download/aws-sign2-0.7.0.tgz?cache=0&sync_timestamp=1589682812085&other_urls=https%3A%2F%2Fregistry.npm.taobao.org%2Faws-sign2%2Fdownload%2Faws-sign2-0.7.0.tgz",
          "bundled": true
        },
        "aws4": {
          "version": "https://registry.npm.taobao.org/aws4/download/aws4-1.10.1.tgz?cache=0&sync_timestamp=1597236947743&other_urls=https%3A%2F%2Fregistry.npm.taobao.org%2Faws4%2Fdownload%2Faws4-1.10.1.tgz",
          "bundled": true
        },
        "caseless": {
          "version": "https://registry.npm.taobao.org/caseless/download/caseless-0.12.0.tgz",
          "bundled": true
        },
        "combined-stream": {
          "version": "https://registry.npm.taobao.org/combined-stream/download/combined-stream-1.0.8.tgz",
          "bundled": true
        },
        "extend": {
          "version": "https://registry.npm.taobao.org/extend/download/extend-3.0.2.tgz?cache=0&sync_timestamp=1589682707348&other_urls=https%3A%2F%2Fregistry.npm.taobao.org%2Fextend%2Fdownload%2Fextend-3.0.2.tgz",
          "bundled": true
        },
        "forever-agent": {
          "version": "https://registry.npm.taobao.org/forever-agent/download/forever-agent-0.6.1.tgz",
          "bundled": true
        },
        "form-data": {
          "version": "https://registry.npm.taobao.org/form-data/download/form-data-2.3.3.tgz",
          "bundled": true,
          "dependencies": {
            "asynckit": {
              "version": "https://registry.npm.taobao.org/asynckit/download/asynckit-0.4.0.tgz",
              "bundled": true
            },
            "combined-stream": {
              "version": "https://registry.npm.taobao.org/combined-stream/download/combined-stream-1.0.8.tgz",
              "bundled": true,
              "dependencies": {
                "delayed-stream": {
                  "version": "https://registry.npm.taobao.org/delayed-stream/download/delayed-stream-1.0.0.tgz"
                }
              }
            },
            "mime-types": {
              "version": "https://registry.npm.taobao.org/mime-types/download/mime-types-2.1.27.tgz?cache=0&sync_timestamp=1589682770020&other_urls=https%3A%2F%2Fregistry.npm.taobao.org%2Fmime-types%2Fdownload%2Fmime-types-2.1.27.tgz",
              "bundled": true
            }
          }
        },
        "har-validator": {
          "version": "https://registry.npm.taobao.org/har-validator/download/har-validator-5.1.5.tgz?cache=0&sync_timestamp=1596082584903&other_urls=https%3A%2F%2Fregistry.npm.taobao.org%2Fhar-validator%2Fdownload%2Fhar-validator-5.1.5.tgz",
          "bundled": true,
          "dependencies": {
            "ajv": {
              "version": "https://registry.npm.taobao.org/ajv/download/ajv-6.12.4.tgz?cache=0&sync_timestamp=1597480759610&other_urls=https%3A%2F%2Fregistry.npm.taobao.org%2Fajv%2Fdownload%2Fajv-6.12.4.tgz",
              "dependencies": {
                "fast-deep-equal": {
                  "version": "https://registry.npm.taobao.org/fast-deep-equal/download/fast-deep-equal-3.1.3.tgz"
                },
                "fast-json-stable-stringify": {
                  "version": "https://registry.npm.taobao.org/fast-json-stable-stringify/download/fast-json-stable-stringify-2.1.0.tgz"
                },
                "json-schema-traverse": {
                  "version": "https://registry.npm.taobao.org/json-schema-traverse/download/json-schema-traverse-0.4.1.tgz"
                },
                "uri-js": {
                  "version": "https://registry.npm.taobao.org/uri-js/download/uri-js-4.2.2.tgz"
                }
              }
            },
            "har-schema": {
              "version": "https://registry.npm.taobao.org/har-schema/download/har-schema-2.0.0.tgz"
            }
          }
        },
        "http-signature": {
          "version": "https://registry.npm.taobao.org/http-signature/download/http-signature-1.2.0.tgz?cache=0&sync_timestamp=1589682811784&other_urls=https%3A%2F%2Fregistry.npm.taobao.org%2Fhttp-signature%2Fdownload%2Fhttp-signature-1.2.0.tgz",
          "bundled": true
        },
        "is-typedarray": {
          "version": "https://registry.npm.taobao.org/is-typedarray/download/is-typedarray-1.0.0.tgz",
          "bundled": true
        },
        "isstream": {
          "version": "https://registry.npm.taobao.org/isstream/download/isstream-0.1.2.tgz",
          "bundled": true
        },
        "json-stringify-safe": {
          "version": "https://registry.npm.taobao.org/json-stringify-safe/download/json-stringify-safe-5.0.1.tgz?cache=0&sync_timestamp=1589682771374&other_urls=https%3A%2F%2Fregistry.npm.taobao.org%2Fjson-stringify-safe%2Fdownload%2Fjson-stringify-safe-5.0.1.tgz",
          "bundled": true
        },
        "mime-types": {
          "version": "https://registry.npm.taobao.org/mime-types/download/mime-types-2.1.27.tgz?cache=0&sync_timestamp=1589682770020&other_urls=https%3A%2F%2Fregistry.npm.taobao.org%2Fmime-types%2Fdownload%2Fmime-types-2.1.27.tgz",
          "bundled": true,
          "dependencies": {
            "mime-db": {
              "version": "https://registry.npm.taobao.org/mime-db/download/mime-db-1.44.0.tgz"
            }
          }
        },
        "oauth-sign": {
          "version": "https://registry.npm.taobao.org/oauth-sign/download/oauth-sign-0.9.0.tgz?cache=0&sync_timestamp=1589682811909&other_urls=https%3A%2F%2Fregistry.npm.taobao.org%2Foauth-sign%2Fdownload%2Foauth-sign-0.9.0.tgz",
          "bundled": true
        },
        "performance-now": {
          "version": "https://registry.npm.taobao.org/performance-now/download/performance-now-2.1.0.tgz",
          "bundled": true
        },
        "qs": {
          "version": "https://registry.npm.taobao.org/qs/download/qs-6.5.2.tgz",
          "bundled": true
        },
        "safe-buffer": {
          "version": "https://registry.npm.taobao.org/safe-buffer/download/safe-buffer-5.2.1.tgz?cache=0&sync_timestamp=1589682795646&other_urls=https%3A%2F%2Fregistry.npm.taobao.org%2Fsafe-buffer%2Fdownload%2Fsafe-buffer-5.2.1.tgz",
          "bundled": true
        },
        "tough-cookie": {
          "version": "https://registry.npm.taobao.org/tough-cookie/download/tough-cookie-2.5.0.tgz?cache=0&sync_timestamp=1589682815640&other_urls=https%3A%2F%2Fregistry.npm.taobao.org%2Ftough-cookie%2Fdownload%2Ftough-cookie-2.5.0.tgz",
          "bundled": true
        },
        "tunnel-agent": {
          "version": "https://registry.npm.taobao.org/tunnel-agent/download/tunnel-agent-0.6.0.tgz",
          "bundled": true
        },
        "uuid": {
          "version": "https://registry.npm.taobao.org/uuid/download/uuid-3.4.0.tgz?cache=0&sync_timestamp=1595885088251&other_urls=https%3A%2F%2Fregistry.npm.taobao.org%2Fuuid%2Fdownload%2Fuuid-3.4.0.tgz",
          "bundled": true
        }
      }
    }
  }
}
